
Microsoft Visual Studio Solution File, Format Version 12.00
# Visual Studio Version 17
VisualStudioVersion = 17.5.33516.290
MinimumVisualStudioVersion = 10.0.40219.1
Project("{FAE04EC0-301F-11D3-BF4B-00C04F79EFBC}") = "TNT.WindowsFormsApp1", "TNT.WindowsFormsApp1\TNT.WindowsFormsApp1.csproj", "{FF24E756-FBC1-414F-A73F-CA1194635CC3}"
EndProject
Project("{FAE04EC0-301F-11D3-BF4B-00C04F79EFBC}") = "RSRC", "RSRC\RSRC.csproj", "{66FA457A-D445-472A-A77D-C9BF9B021911}"
EndProject
Global
	GlobalSection(SolutionConfigurationPlatforms) = preSolution
		Debug|Any CPU = Debug|Any CPU
		Release|Any CPU = Release|Any CPU
	EndGlobalSection
	GlobalSection(ProjectConfigurationPlatforms) = postSolution
		{FF24E756-FBC1-414F-A73F-CA1194635CC3}.Debug|Any CPU.ActiveCfg = Debug|Any CPU
		{FF24E756-FBC1-414F-A73F-CA1194635CC3}.Debug|Any CPU.Build.0 = Debug|Any CPU
		{FF24E756-FBC1-414F-A73F-CA1194635CC3}.Release|Any CPU.ActiveCfg = Release|Any CPU
		{FF24E756-FBC1-414F-A73F-CA1194635CC3}.Release|Any CPU.Build.0 = Release|Any CPU
		{66FA457A-D445-472A-A77D-C9BF9B021911}.Debug|Any CPU.ActiveCfg = Debug|Any CPU
		{66FA457A-D445-472A-A77D-C9BF9B021911}.Debug|Any CPU.Build.0 = Debug|Any CPU
		{66FA457A-D445-472A-A77D-C9BF9B021911}.Release|Any CPU.ActiveCfg = Release|Any CPU
		{66FA457A-D445-472A-A77D-C9BF9B021911}.Release|Any CPU.Build.0 = Release|Any CPU
	EndGlobalSection
	GlobalSection(SolutionProperties) = preSolution
		HideSolutionNode = FALSE
	EndGlobalSection
	GlobalSection(ExtensibilityGlobals) = postSolution
		SolutionGuid = {59CE1BAD-F28A-465B-B335-360B86937F84}
	EndGlobalSection
EndGlobal
